
Microsoft Visual Studio Solution File, Format Version 12.00
# Visual Studio 15
VisualStudioVersion = 15.0.27130.2036
MinimumVisualStudioVersion = 10.0.40219.1
Project("{FAE04EC0-301F-11D3-BF4B-00C04F79EFBC}") = "NetworkStatusApp.Android", "NetworkStatusApp\NetworkStatusApp.Android\NetworkStatusApp.Android.csproj", "{F536282A-13E3-435A-BBDD-669B9916C2B7}"
EndProject
Project("{FAE04EC0-301F-11D3-BF4B-00C04F79EFBC}") = "NetworkStatusApp.iOS", "NetworkStatusApp\NetworkStatusApp.iOS\NetworkStatusApp.iOS.csproj", "{B35CE0C4-D539-4F99-8363-84DA00A65AB0}"
EndProject
Project("{FAE04EC0-301F-11D3-BF4B-00C04F79EFBC}") = "NetworkStatusApp", "NetworkStatusApp\NetworkStatusApp\NetworkStatusApp.csproj", "{288BB5D4-B9FA-4EF4-BACF-33C64660693D}"
EndProject
Global
	GlobalSection(SolutionConfigurationPlatforms) = preSolution
		Ad-Hoc|Any CPU = Ad-Hoc|Any CPU
		Ad-Hoc|iPhone = Ad-Hoc|iPhone
		Ad-Hoc|iPhoneSimulator = Ad-Hoc|iPhoneSimulator
		AppStore|Any CPU = AppStore|Any CPU
		AppStore|iPhone = AppStore|iPhone
		AppStore|iPhoneSimulator = AppStore|iPhoneSimulator
		Debug|Any CPU = Debug|Any CPU
		Debug|iPhone = Debug|iPhone
		Debug|iPhoneSimulator = Debug|iPhoneSimulator
		Release|Any CPU = Release|Any CPU
		Release|iPhone = Release|iPhone
		Release|iPhoneSimulator = Release|iPhoneSimulator
	EndGlobalSection
	GlobalSection(ProjectConfigurationPlatforms) = postSolution
		{F536282A-13E3-435A-BBDD-669B9916C2B7}.Ad-Hoc|Any CPU.ActiveCfg = Release|Any CPU
		{F536282A-13E3-435A-BBDD-669B9916C2B7}.Ad-Hoc|Any CPU.Build.0 = Release|Any CPU
		{F536282A-13E3-435A-BBDD-669B9916C2B7}.Ad-Hoc|Any CPU.Deploy.0 = Release|Any CPU
		{F536282A-13E3-435A-BBDD-669B9916C2B7}.Ad-Hoc|iPhone.ActiveCfg = Release|Any CPU
		{F536282A-13E3-435A-BBDD-669B9916C2B7}.Ad-Hoc|iPhone.Build.0 = Release|Any CPU
		{F536282A-13E3-435A-BBDD-669B9916C2B7}.Ad-Hoc|iPhone.Deploy.0 = Release|Any CPU
		{F536282A-13E3-435A-BBDD-669B9916C2B7}.Ad-Hoc|iPhoneSimulator.ActiveCfg = Release|Any CPU
		{F536282A-13E3-435A-BBDD-669B9916C2B7}.Ad-Hoc|iPhoneSimulator.Build.0 = Release|Any CPU
		{F536282A-13E3-435A-BBDD-669B9916C2B7}.Ad-Hoc|iPhoneSimulator.Deploy.0 = Release|Any CPU
		{F536282A-13E3-435A-BBDD-669B9916C2B7}.AppStore|Any CPU.ActiveCfg = Release|Any CPU
		{F536282A-13E3-435A-BBDD-669B9916C2B7}.AppStore|Any CPU.Build.0 = Release|Any CPU
		{F536282A-13E3-435A-BBDD-669B9916C2B7}.AppStore|Any CPU.Deploy.0 = Release|Any CPU
		{F536282A-13E3-435A-BBDD-669B9916C2B7}.AppStore|iPhone.ActiveCfg = Release|Any CPU
		{F536282A-13E3-435A-BBDD-669B9916C2B7}.AppStore|iPhone.Build.0 = Release|Any CPU
		{F536282A-13E3-435A-BBDD-669B9916C2B7}.AppStore|iPhone.Deploy.0 = Release|Any CPU
		{F536282A-13E3-435A-BBDD-669B9916C2B7}.AppStore|iPhoneSimulator.ActiveCfg = Release|Any CPU
		{F536282A-13E3-435A-BBDD-669B9916C2B7}.AppStore|iPhoneSimulator.Build.0 = Release|Any CPU
		{F536282A-13E3-435A-BBDD-669B9916C2B7}.AppStore|iPhoneSimulator.Deploy.0 = Release|Any CPU
		{F536282A-13E3-435A-BBDD-669B9916C2B7}.Debug|Any CPU.ActiveCfg = Debug|Any CPU
		{F536282A-13E3-435A-BBDD-669B9916C2B7}.Debug|Any CPU.Build.0 = Debug|Any CPU
		{F536282A-13E3-435A-BBDD-669B9916C2B7}.Debug|Any CPU.Deploy.0 = Debug|Any CPU
		{F536282A-13E3-435A-BBDD-669B9916C2B7}.Debug|iPhone.ActiveCfg = Debug|Any CPU
		{F536282A-13E3-435A-BBDD-669B9916C2B7}.Debug|iPhone.Build.0 = Debug|Any CPU
		{F536282A-13E3-435A-BBDD-669B9916C2B7}.Debug|iPhone.Deploy.0 = Debug|Any CPU
		{F536282A-13E3-435A-BBDD-669B9916C2B7}.Debug|iPhoneSimulator.ActiveCfg = Debug|Any CPU
		{F536282A-13E3-435A-BBDD-669B9916C2B7}.Debug|iPhoneSimulator.Build.0 = Debug|Any CPU
		{F536282A-13E3-435A-BBDD-669B9916C2B7}.Debug|iPhoneSimulator.Deploy.0 = Debug|Any CPU
		{F536282A-13E3-435A-BBDD-669B9916C2B7}.Release|Any CPU.ActiveCfg = Release|Any CPU
		{F536282A-13E3-435A-BBDD-669B9916C2B7}.Release|Any CPU.Build.0 = Release|Any CPU
		{F536282A-13E3-435A-BBDD-669B9916C2B7}.Release|Any CPU.Deploy.0 = Release|Any CPU
		{F536282A-13E3-435A-BBDD-669B9916C2B7}.Release|iPhone.ActiveCfg = Release|Any CPU
		{F536282A-13E3-435A-BBDD-669B9916C2B7}.Release|iPhone.Build.0 = Release|Any CPU
		{F536282A-13E3-435A-BBDD-669B9916C2B7}.Release|iPhone.Deploy.0 = Release|Any CPU
		{F536282A-13E3-435A-BBDD-669B9916C2B7}.Release|iPhoneSimulator.ActiveCfg = Release|Any CPU
		{F536282A-13E3-435A-BBDD-669B9916C2B7}.Release|iPhoneSimulator.Build.0 = Release|Any CPU
		{F536282A-13E3-435A-BBDD-669B9916C2B7}.Release|iPhoneSimulator.Deploy.0 = Release|Any CPU
		{B35CE0C4-D539-4F99-8363-84DA00A65AB0}.Ad-Hoc|Any CPU.ActiveCfg = Ad-Hoc|iPhone
		{B35CE0C4-D539-4F99-8363-84DA00A65AB0}.Ad-Hoc|iPhone.ActiveCfg = Ad-Hoc|iPhone
		{B35CE0C4-D539-4F99-8363-84DA00A65AB0}.Ad-Hoc|iPhone.Build.0 = Ad-Hoc|iPhone
		{B35CE0C4-D539-4F99-8363-84DA00A65AB0}.Ad-Hoc|iPhoneSimulator.ActiveCfg = Ad-Hoc|iPhoneSimulator
		{B35CE0C4-D539-4F99-8363-84DA00A65AB0}.Ad-Hoc|iPhoneSimulator.Build.0 = Ad-Hoc|iPhoneSimulator
		{B35CE0C4-D539-4F99-8363-84DA00A65AB0}.AppStore|Any CPU.ActiveCfg = AppStore|iPhone
		{B35CE0C4-D539-4F99-8363-84DA00A65AB0}.AppStore|iPhone.ActiveCfg = AppStore|iPhone
		{B35CE0C4-D539-4F99-8363-84DA00A65AB0}.AppStore|iPhone.Build.0 = AppStore|iPhone
		{B35CE0C4-D539-4F99-8363-84DA00A65AB0}.AppStore|iPhoneSimulator.ActiveCfg = AppStore|iPhoneSimulator
		{B35CE0C4-D539-4F99-8363-84DA00A65AB0}.AppStore|iPhoneSimulator.Build.0 = AppStore|iPhoneSimulator
		{B35CE0C4-D539-4F99-8363-84DA00A65AB0}.Debug|Any CPU.ActiveCfg = Debug|iPhone
		{B35CE0C4-D539-4F99-8363-84DA00A65AB0}.Debug|iPhone.ActiveCfg = Debug|iPhone
		{B35CE0C4-D539-4F99-8363-84DA00A65AB0}.Debug|iPhone.Build.0 = Debug|iPhone
		{B35CE0C4-D539-4F99-8363-84DA00A65AB0}.Debug|iPhoneSimulator.ActiveCfg = Debug|iPhoneSimulator
		{B35CE0C4-D539-4F99-8363-84DA00A65AB0}.Debug|iPhoneSimulator.Build.0 = Debug|iPhoneSimulator
		{B35CE0C4-D539-4F99-8363-84DA00A65AB0}.Release|Any CPU.ActiveCfg = Release|iPhone
		{B35CE0C4-D539-4F99-8363-84DA00A65AB0}.Release|iPhone.ActiveCfg = Release|iPhone
		{B35CE0C4-D539-4F99-8363-84DA00A65AB0}.Release|iPhone.Build.0 = Release|iPhone
		{B35CE0C4-D539-4F99-8363-84DA00A65AB0}.Release|iPhoneSimulator.ActiveCfg = Release|iPhoneSimulator
		{B35CE0C4-D539-4F99-8363-84DA00A65AB0}.Release|iPhoneSimulator.Build.0 = Release|iPhoneSimulator
		{288BB5D4-B9FA-4EF4-BACF-33C64660693D}.Ad-Hoc|Any CPU.ActiveCfg = Debug|Any CPU
		{288BB5D4-B9FA-4EF4-BACF-33C64660693D}.Ad-Hoc|Any CPU.Build.0 = Debug|Any CPU
		{288BB5D4-B9FA-4EF4-BACF-33C64660693D}.Ad-Hoc|iPhone.ActiveCfg = Debug|Any CPU
		{288BB5D4-B9FA-4EF4-BACF-33C64660693D}.Ad-Hoc|iPhone.Build.0 = Debug|Any CPU
		{288BB5D4-B9FA-4EF4-BACF-33C64660693D}.Ad-Hoc|iPhoneSimulator.ActiveCfg = Debug|Any CPU
		{288BB5D4-B9FA-4EF4-BACF-33C64660693D}.Ad-Hoc|iPhoneSimulator.Build.0 = Debug|Any CPU
		{288BB5D4-B9FA-4EF4-BACF-33C64660693D}.AppStore|Any CPU.ActiveCfg = Debug|Any CPU
		{288BB5D4-B9FA-4EF4-BACF-33C64660693D}.AppStore|Any CPU.Build.0 = Debug|Any CPU
		{288BB5D4-B9FA-4EF4-BACF-33C64660693D}.AppStore|iPhone.ActiveCfg = Debug|Any CPU
		{288BB5D4-B9FA-4EF4-BACF-33C64660693D}.AppStore|iPhone.Build.0 = Debug|Any CPU
		{288BB5D4-B9FA-4EF4-BACF-33C64660693D}.AppStore|iPhoneSimulator.ActiveCfg = Debug|Any CPU
		{288BB5D4-B9FA-4EF4-BACF-33C64660693D}.AppStore|iPhoneSimulator.Build.0 = Debug|Any CPU
		{288BB5D4-B9FA-4EF4-BACF-33C64660693D}.Debug|Any CPU.ActiveCfg = Debug|Any CPU
		{288BB5D4-B9FA-4EF4-BACF-33C64660693D}.Debug|Any CPU.Build.0 = Debug|Any CPU
		{288BB5D4-B9FA-4EF4-BACF-33C64660693D}.Debug|iPhone.ActiveCfg = Debug|Any CPU
		{288BB5D4-B9FA-4EF4-BACF-33C64660693D}.Debug|iPhone.Build.0 = Debug|Any CPU
		{288BB5D4-B9FA-4EF4-BACF-33C64660693D}.Debug|iPhoneSimulator.ActiveCfg = Debug|Any CPU
		{288BB5D4-B9FA-4EF4-BACF-33C64660693D}.Debug|iPhoneSimulator.Build.0 = Debug|Any CPU
		{288BB5D4-B9FA-4EF4-BACF-33C64660693D}.Release|Any CPU.ActiveCfg = Release|Any CPU
		{288BB5D4-B9FA-4EF4-BACF-33C64660693D}.Release|Any CPU.Build.0 = Release|Any CPU
		{288BB5D4-B9FA-4EF4-BACF-33C64660693D}.Release|iPhone.ActiveCfg = Release|Any CPU
		{288BB5D4-B9FA-4EF4-BACF-33C64660693D}.Release|iPhone.Build.0 = Release|Any CPU
		{288BB5D4-B9FA-4EF4-BACF-33C64660693D}.Release|iPhoneSimulator.ActiveCfg = Release|Any CPU
		{288BB5D4-B9FA-4EF4-BACF-33C64660693D}.Release|iPhoneSimulator.Build.0 = Release|Any CPU
	EndGlobalSection
	GlobalSection(SolutionProperties) = preSolution
		HideSolutionNode = FALSE
	EndGlobalSection
	GlobalSection(ExtensibilityGlobals) = postSolution
		SolutionGuid = {07CEFD91-0D3A-4718-9A9D-C0F24A9E4AA8}
	EndGlobalSection
EndGlobal
